<Solution>
  <Folder Name="/src/" />
  <Folder Name="/src/Api/">
    <Project Path="src/Api/Vuelto.Api.csproj" />
  </Folder>
  <Folder Name="/src/Core/">
    <Project Path="src/Core/Vuelto.Core.csproj" />
  </Folder>
  <Folder Name="/src/Infrastructure/">
    <Project Path="src/Infrastructure/Vuelto.Infrastructure.csproj" />
  </Folder>
  <Folder Name="/src/Maui/">
    <Project Path="src/Maui/Vuelto.Maui.csproj" />
  </Folder>
  <Folder Name="/src/Shared.Ui/">
    <Project Path="src/Shared.Ui/Vuelto.Shared.Ui.csproj" />
  </Folder>
  <Folder Name="/src/Web/">
    <Project Path="src/Web/Vuelto.Web.csproj" />
  </Folder>
  <Folder Name="/tests/" />
  <Folder Name="/tests/Api.Tests/">
    <Project Path="tests/Api.Tests/Vuelto.Api.Tests.csproj" />
  </Folder>
  <Folder Name="/tests/Core.Tests/">
    <Project Path="tests/Core.Tests/Vuelto.Core.Tests.csproj" />
  </Folder>
  <Folder Name="/tests/E2E.Tests/">
    <Project Path="tests/E2E.Tests/Vuelto.E2E.Tests.csproj" />
  </Folder>
  <Folder Name="/tests/Ui.Tests/">
    <Project Path="tests/Ui.Tests/Vuelto.Ui.Tests.csproj" />
  </Folder>
</Solution>
